# This file was autogenerated by Stack.
# You should not edit this file by hand.
# For more information, please see the documentation at:
#   https://docs.haskellstack.org/en/stable/lock_files

packages:
- completed:
    name: facebookmessenger
    version: 0.7.1.0
    git: https://github.com/Vlix/facebookmessenger.git
    pantry-tree:
      size: 14358
      sha256: dee08a52a15f69f45839d15f0f2de1917dd51cd7e948e3e6c0068f40f4270578
    commit: 4da3f1e5e42e91544885f2d4dd4b84a1cc7f2fe3
  original:
    git: https://github.com/Vlix/facebookmessenger.git
    commit: 4da3f1e5e42e91544885f2d4dd4b84a1cc7f2fe3
snapshots:
- completed:
    size: 532383
    url: https://raw.githubusercontent.com/commercialhaskell/stackage-snapshots/master/lts/16/10.yaml
    sha256: 469d781ab6d2a4eceed6b31b6e4ec842dcd3cd1d11577972e86902603dce24df
  original: lts-16.10
